// !$*UTF8*$!
{
	archiveVersion = 1;
	classes = {
	};
	objectVersion = 46;
	objects = {

/* Begin PBXBuildFile section */
		1F84B0FB1EE59C450057EC5A /* AppDelegate.swift in Sources */ = {isa = PBXBuildFile; fileRef = 1F84B0FA1EE59C450057EC5A /* AppDelegate.swift */; };
		1F84B0FD1EE59C450057EC5A /* ViewController.swift in Sources */ = {isa = PBXBuildFile; fileRef = 1F84B0FC1EE59C450057EC5A /* ViewController.swift */; };
		1F84B1001EE59C450057EC5A /* Main.storyboard in Resources */ = {isa = PBXBuildFile; fileRef = 1F84B0FE1EE59C450057EC5A /* Main.storyboard */; };
		1F84B1021EE59C450057EC5A /* Assets.xcassets in Resources */ = {isa = PBXBuildFile; fileRef = 1F84B1011EE59C450057EC5A /* Assets.xcassets */; };
		1F84B1051EE59C450057EC5A /* LaunchScreen.storyboard in Resources */ = {isa = PBXBuildFile; fileRef = 1F84B1031EE59C450057EC5A /* LaunchScreen.storyboard */; };
		1F84B1101EE59C460057EC5A /* NotificatorTests.swift in Sources */ = {isa = PBXBuildFile; fileRef = 1F84B10F1EE59C460057EC5A /* NotificatorTests.swift */; };
/* End PBXBuildFile section */

/* Begin PBXContainerItemProxy section */
		1F84B10C1EE59C460057EC5A /* PBXContainerItemProxy */ = {
			isa = PBXContainerItemProxy;
			containerPortal = 1F84B0EF1EE59C450057EC5A /* Project object */;
			proxyType = 1;
			remoteGlobalIDString = 1F84B0F61EE59C450057EC5A;
			remoteInfo = Notificator;
		};
/* End PBXContainerItemProxy section */

/* Begin PBXFileReference section */
		1F84B0F71EE59C450057EC5A /* Notificator.app */ = {isa = PBXFileReference; explicitFileType = wrapper.application; includeInIndex = 0; path = Notificator.app; sourceTree = BUILT_PRODUCTS_DIR; };
		1F84B0FA1EE59C450057EC5A /* AppDelegate.swift */ = {isa = PBXFileReference; lastKnownFileType = sourcecode.swift; path = AppDelegate.swift; sourceTree = "<group>"; };
		1F84B0FC1EE59C450057EC5A /* ViewController.swift */ = {isa = PBXFileReference; lastKnownFileType = sourcecode.swift; path = ViewController.swift; sourceTree = "<group>"; };
		1F84B0FF1EE59C450057EC5A /* Base */ = {isa = PBXFileReference; lastKnownFileType = file.storyboard; name = Base; path = Base.lproj/Main.storyboard; sourceTree = "<group>"; };
		1F84B1011EE59C450057EC5A /* Assets.xcassets */ = {isa = PBXFileReference; lastKnownFileType = folder.assetcatalog; path = Assets.xcassets; sourceTree = "<group>"; };
		1F84B1041EE59C450057EC5A /* Base */ = {isa = PBXFileReference; lastKnownFileType = file.storyboard; name = Base; path = Base.lproj/LaunchScreen.storyboard; sourceTree = "<group>"; };
		1F84B1061EE59C450057EC5A /* Info.plist */ = {isa = PBXFileReference; lastKnownFileType = text.plist.xml; path = Info.plist; sourceTree = "<group>"; };
		1F84B10B1EE59C460057EC5A /* NotificatorTests.xctest */ = {isa = PBXFileReference; explicitFileType = wrapper.cfbundle; includeInIndex = 0; path = NotificatorTests.xctest; sourceTree = BUILT_PRODUCTS_DIR; };
		1F84B10F1EE59C460057EC5A /* NotificatorTests.swift */ = {isa = PBXFileReference; lastKnownFileType = sourcecode.swift; path = NotificatorTests.swift; sourceTree = "<group>"; };
		1F84B1111EE59C460057EC5A /* Info.plist */ = {isa = PBXFileReference; lastKnownFileType = text.plist.xml; path = Info.plist; sourceTree = "<group>"; };
/* End PBXFileReference section */

/* Begin PBXFrameworksBuildPhase section */
		1F84B0F41EE59C450057EC5A /* Frameworks */ = {
			isa = PBXFrameworksBuildPhase;
			buildActionMask = 2147483647;
			files = (
			);
			runOnlyForDeploymentPostprocessing = 0;
		};
		1F84B1081EE59C460057EC5A /* Frameworks */ = {
			isa = PBXFrameworksBuildPhase;
			buildActionMask = 2147483647;
			files = (
			);
			runOnlyForDeploymentPostprocessing = 0;
		};
/* End PBXFrameworksBuildPhase section */

/* Begin PBXGroup section */
		1F84B0EE1EE59C450057EC5A = {
			isa = PBXGroup;
			children = (
				1F84B0F91EE59C450057EC5A /* Notificator */,
				1F84B10E1EE59C460057EC5A /* NotificatorTests */,
				1F84B0F81EE59C450057EC5A /* Products */,
			);
			sourceTree = "<group>";
		};
		1F84B0F81EE59C450057EC5A /* Products */ = {
			isa = PBXGroup;
			children = (
				1F84B0F71EE59C450057EC5A /* Notificator.app */,
				1F84B10B1EE59C460057EC5A /* NotificatorTests.xctest */,
			);
			name = Products;
			sourceTree = "<group>";
		};
		1F84B0F91EE59C450057EC5A /* Notificator */ = {
			isa = PBXGroup;
			children = (
				1F84B0FA1EE59C450057EC5A /* AppDelegate.swift */,
				1F84B0FC1EE59C450057EC5A /* ViewController.swift */,
				1F84B0FE1EE59C450057EC5A /* Main.storyboard */,
				1F84B1011EE59C450057EC5A /* Assets.xcassets */,
				1F84B1031EE59C450057EC5A /* LaunchScreen.storyboard */,
				1F84B1061EE59C450057EC5A /* Info.plist */,
			);
			path = Notificator;
			sourceTree = "<group>";
		};
		1F84B10E1EE59C460057EC5A /* NotificatorTests */ = {
			isa = PBXGroup;
			children = (
				1F84B10F1EE59C460057EC5A /* NotificatorTests.swift */,
				1F84B1111EE59C460057EC5A /* Info.plist */,
			);
			path = NotificatorTests;
			sourceTree = "<group>";
		};
/* End PBXGroup section */

/* Begin PBXNativeTarget section */
		1F84B0F61EE59C450057EC5A /* Notificator */ = {
			isa = PBXNativeTarget;
			buildConfigurationList = 1F84B1141EE59C470057EC5A /* Build configuration list for PBXNativeTarget "Notificator" */;
			buildPhases = (
				1F84B0F31EE59C450057EC5A /* Sources */,
				1F84B0F41EE59C450057EC5A /* Frameworks */,
				1F84B0F51EE59C450057EC5A /* Resources */,
			);
			buildRules = (
			);
			dependencies = (
			);
			name = Notificator;
			productName = Notificator;
			productReference = 1F84B0F71EE59C450057EC5A /* Notificator.app */;
			productType = "com.apple.product-type.application";
		};
		1F84B10A1EE59C460057EC5A /* NotificatorTests */ = {
			isa = PBXNativeTarget;
			buildConfigurationList = 1F84B1171EE59C470057EC5A /* Build configuration list for PBXNativeTarget "NotificatorTests" */;
			buildPhases = (
				1F84B1071EE59C460057EC5A /* Sources */,
				1F84B1081EE59C460057EC5A /* Frameworks */,
				1F84B1091EE59C460057EC5A /* Resources */,
			);
			buildRules = (
			);
			dependencies = (
				1F84B10D1EE59C460057EC5A /* PBXTargetDependency */,
			);
			name = NotificatorTests;
			productName = NotificatorTests;
			productReference = 1F84B10B1EE59C460057EC5A /* NotificatorTests.xctest */;
			productType = "com.apple.product-type.bundle.unit-test";
		};
/* End PBXNativeTarget section */

/* Begin PBXProject section */
		1F84B0EF1EE59C450057EC5A /* Project object */ = {
			isa = PBXProject;
			attributes = {
				LastSwiftUpdateCheck = 0830;
				LastUpgradeCheck = 0830;
				ORGANIZATIONNAME = ykws;
				TargetAttributes = {
					1F84B0F61EE59C450057EC5A = {
						CreatedOnToolsVersion = 8.3.2;
						ProvisioningStyle = Automatic;
					};
					1F84B10A1EE59C460057EC5A = {
						CreatedOnToolsVersion = 8.3.2;
						ProvisioningStyle = Automatic;
						TestTargetID = 1F84B0F61EE59C450057EC5A;
					};
				};
			};
			buildConfigurationList = 1F84B0F21EE59C450057EC5A /* Build configuration list for PBXProject "Notificator" */;
			compatibilityVersion = "Xcode 3.2";
			developmentRegion = English;
			hasScannedForEncodings = 0;
			knownRegions = (
				en,
				Base,
			);
			mainGroup = 1F84B0EE1EE59C450057EC5A;
			productRefGroup = 1F84B0F81EE59C450057EC5A /* Products */;
			projectDirPath = "";
			projectRoot = "";
			targets = (
				1F84B0F61EE59C450057EC5A /* Notificator */,
				1F84B10A1EE59C460057EC5A /* NotificatorTests */,
			);
		};
/* End PBXProject section */

/* Begin PBXResourcesBuildPhase section */
		1F84B0F51EE59C450057EC5A /* Resources */ = {
			isa = PBXResourcesBuildPhase;
			buildActionMask = 2147483647;
			files = (
				1F84B1051EE59C450057EC5A /* LaunchScreen.storyboard in Resources */,
				1F84B1021EE59C450057EC5A /* Assets.xcassets in Resources */,
				1F84B1001EE59C450057EC5A /* Main.storyboard in Resources */,
			);
			runOnlyForDeploymentPostprocessing = 0;
		};
		1F84B1091EE59C460057EC5A /* Resources */ = {
			isa = PBXResourcesBuildPhase;
			buildActionMask = 2147483647;
			files = (
			);
			runOnlyForDeploymentPostprocessing = 0;
		};
/* End PBXResourcesBuildPhase section */

/* Begin PBXSourcesBuildPhase section */
		1F84B0F31EE59C450057EC5A /* Sources */ = {
			isa = PBXSourcesBuildPhase;
			buildActionMask = 2147483647;
			files = (
				1F84B0FD1EE59C450057EC5A /* ViewController.swift in Sources */,
				1F84B0FB1EE59C450057EC5A /* AppDelegate.swift in Sources */,
			);
			runOnlyForDeploymentPostprocessing = 0;
		};
		1F84B1071EE59C460057EC5A /* Sources */ = {
			isa = PBXSourcesBuildPhase;
			buildActionMask = 2147483647;
			files = (
				1F84B1101EE59C460057EC5A /* NotificatorTests.swift in Sources */,
			);
			runOnlyForDeploymentPostprocessing = 0;
		};
/* End PBXSourcesBuildPhase section */

/* Begin PBXTargetDependency section */
		1F84B10D1EE59C460057EC5A /* PBXTargetDependency */ = {
			isa = PBXTargetDependency;
			target = 1F84B0F61EE59C450057EC5A /* Notificator */;
			targetProxy = 1F84B10C1EE59C460057EC5A /* PBXContainerItemProxy */;
		};
/* End PBXTargetDependency section */

/* Begin PBXVariantGroup section */
		1F84B0FE1EE59C450057EC5A /* Main.storyboard */ = {
			isa = PBXVariantGroup;
			children = (
				1F84B0FF1EE59C450057EC5A /* Base */,
			);
			name = Main.storyboard;
			sourceTree = "<group>";
		};
		1F84B1031EE59C450057EC5A /* LaunchScreen.storyboard */ = {
			isa = PBXVariantGroup;
			children = (
				1F84B1041EE59C450057EC5A /* Base */,
			);
			name = LaunchScreen.storyboard;
			sourceTree = "<group>";
		};
/* End PBXVariantGroup section */

/* Begin XCBuildConfiguration section */
		1F84B1121EE59C470057EC5A /* Debug */ = {
			isa = XCBuildConfiguration;
			buildSettings = {
				ALWAYS_SEARCH_USER_PATHS = NO;
				CLANG_ANALYZER_NONNULL = YES;
				CLANG_ANALYZER_NUMBER_OBJECT_CONVERSION = YES_AGGRESSIVE;
				CLANG_CXX_LANGUAGE_STANDARD = "gnu++0x";
				CLANG_CXX_LIBRARY = "libc++";
				CLANG_ENABLE_MODULES = YES;
				CLANG_ENABLE_OBJC_ARC = YES;
				CLANG_WARN_BOOL_CONVERSION = YES;
				CLANG_WARN_CONSTANT_CONVERSION = YES;
				CLANG_WARN_DIRECT_OBJC_ISA_USAGE = YES_ERROR;
				CLANG_WARN_DOCUMENTATION_COMMENTS = YES;
				CLANG_WARN_EMPTY_BODY = YES;
				CLANG_WARN_ENUM_CONVERSION = YES;
				CLANG_WARN_INFINITE_RECURSION = YES;
				CLANG_WARN_INT_CONVERSION = YES;
				CLANG_WARN_OBJC_ROOT_CLASS = YES_ERROR;
				CLANG_WARN_SUSPICIOUS_MOVE = YES;
				CLANG_WARN_UNREACHABLE_CODE = YES;
				CLANG_WARN__DUPLICATE_METHOD_MATCH = YES;
				"CODE_SIGN_IDENTITY[sdk=iphoneos*]" = "iPhone Developer";
				COPY_PHASE_STRIP = NO;
				DEBUG_INFORMATION_FORMAT = dwarf;
				ENABLE_STRICT_OBJC_MSGSEND = YES;
				ENABLE_TESTABILITY = YES;
				GCC_C_LANGUAGE_STANDARD = gnu99;
				GCC_DYNAMIC_NO_PIC = NO;
				GCC_NO_COMMON_BLOCKS = YES;
				GCC_OPTIMIZATION_LEVEL = 0;
				GCC_PREPROCESSOR_DEFINITIONS = (
					"DEBUG=1",
					"$(inherited)",
				);
				GCC_WARN_64_TO_32_BIT_CONVERSION = YES;
				GCC_WARN_ABOUT_RETURN_TYPE = YES_ERROR;
				GCC_WARN_UNDECLARED_SELECTOR = YES;
				GCC_WARN_UNINITIALIZED_AUTOS = YES_AGGRESSIVE;
				GCC_WARN_UNUSED_FUNCTION = YES;
				GCC_WARN_UNUSED_VARIABLE = YES;
				IPHONEOS_DEPLOYMENT_TARGET = 10.3;
				MTL_ENABLE_DEBUG_INFO = YES;
				ONLY_ACTIVE_ARCH = YES;
				SDKROOT = iphoneos;
				SWIFT_ACTIVE_COMPILATION_CONDITIONS = DEBUG;
				SWIFT_OPTIMIZATION_LEVEL = "-Onone";
				TARGETED_DEVICE_FAMILY = "1,2";
			};
			name = Debug;
		};
		1F84B1131EE59C470057EC5A /* Release */ = {
			isa = XCBuildConfiguration;
			buildSettings = {
				ALWAYS_SEARCH_USER_PATHS = NO;
				CLANG_ANALYZER_NONNULL = YES;
				CLANG_ANALYZER_NUMBER_OBJECT_CONVERSION = YES_AGGRESSIVE;
				CLANG_CXX_LANGUAGE_STANDARD = "gnu++0x";
				CLANG_CXX_LIBRARY = "libc++";
				CLANG_ENABLE_MODULES = YES;
				CLANG_ENABLE_OBJC_ARC = YES;
				CLANG_WARN_BOOL_CONVERSION = YES;
				CLANG_WARN_CONSTANT_CONVERSION = YES;
				CLANG_WARN_DIRECT_OBJC_ISA_USAGE = YES_ERROR;
				CLANG_WARN_DOCUMENTATION_COMMENTS = YES;
				CLANG_WARN_EMPTY_BODY = YES;
				CLANG_WARN_ENUM_CONVERSION = YES;
				CLANG_WARN_INFINITE_RECURSION = YES;
				CLANG_WARN_INT_CONVERSION = YES;
				CLANG_WARN_OBJC_ROOT_CLASS = YES_ERROR;
				CLANG_WARN_SUSPICIOUS_MOVE = YES;
				CLANG_WARN_UNREACHABLE_CODE = YES;
				CLANG_WARN__DUPLICATE_METHOD_MATCH = YES;
				"CODE_SIGN_IDENTITY[sdk=iphoneos*]" = "iPhone Developer";
				COPY_PHASE_STRIP = NO;
				DEBUG_INFORMATION_FORMAT = "dwarf-with-dsym";
				ENABLE_NS_ASSERTIONS = NO;
				ENABLE_STRICT_OBJC_MSGSEND = YES;
				GCC_C_LANGUAGE_STANDARD = gnu99;
				GCC_NO_COMMON_BLOCKS = YES;
				GCC_WARN_64_TO_32_BIT_CONVERSION = YES;
				GCC_WARN_ABOUT_RETURN_TYPE = YES_ERROR;
				GCC_WARN_UNDECLARED_SELECTOR = YES;
				GCC_WARN_UNINITIALIZED_AUTOS = YES_AGGRESSIVE;
				GCC_WARN_UNUSED_FUNCTION = YES;
				GCC_WARN_UNUSED_VARIABLE = YES;
				IPHONEOS_DEPLOYMENT_TARGET = 10.3;
				MTL_ENABLE_DEBUG_INFO = NO;
				SDKROOT = iphoneos;
				SWIFT_OPTIMIZATION_LEVEL = "-Owholemodule";
				TARGETED_DEVICE_FAMILY = "1,2";
				VALIDATE_PRODUCT = YES;
			};
			name = Release;
		};
		1F84B1151EE59C470057EC5A /* Debug */ = {
			isa = XCBuildConfiguration;
			buildSettings = {
				ASSETCATALOG_COMPILER_APPICON_NAME = AppIcon;
				DEVELOPMENT_TEAM = "";
				INFOPLIST_FILE = Notificator/Info.plist;
				LD_RUNPATH_SEARCH_PATHS = "$(inherited) @executable_path/Frameworks";
				PRODUCT_BUNDLE_IDENTIFIER = io.github.ykws.Notificator;
				PRODUCT_NAME = "$(TARGET_NAME)";
				SWIFT_VERSION = 3.0;
			};
			name = Debug;
		};
		1F84B1161EE59C470057EC5A /* Release */ = {
			isa = XCBuildConfiguration;
			buildSettings = {
				ASSETCATALOG_COMPILER_APPICON_NAME = AppIcon;
				DEVELOPMENT_TEAM = "";
				INFOPLIST_FILE = Notificator/Info.plist;
				LD_RUNPATH_SEARCH_PATHS = "$(inherited) @executable_path/Frameworks";
				PRODUCT_BUNDLE_IDENTIFIER = io.github.ykws.Notificator;
				PRODUCT_NAME = "$(TARGET_NAME)";
				SWIFT_VERSION = 3.0;
			};
			name = Release;
		};
		1F84B1181EE59C470057EC5A /* Debug */ = {
			isa = XCBuildConfiguration;
			buildSettings = {
				ALWAYS_EMBED_SWIFT_STANDARD_LIBRARIES = YES;
				BUNDLE_LOADER = "$(TEST_HOST)";
				INFOPLIST_FILE = NotificatorTests/Info.plist;
				LD_RUNPATH_SEARCH_PATHS = "$(inherited) @executable_path/Frameworks @loader_path/Frameworks";
				PRODUCT_BUNDLE_IDENTIFIER = io.github.ykws.NotificatorTests;
				PRODUCT_NAME = "$(TARGET_NAME)";
				SWIFT_VERSION = 3.0;
				TEST_HOST = "$(BUILT_PRODUCTS_DIR)/Notificator.app/Notificator";
			};
			name = Debug;
		};
		1F84B1191EE59C470057EC5A /* Release */ = {
			isa = XCBuildConfiguration;
			buildSettings = {
				ALWAYS_EMBED_SWIFT_STANDARD_LIBRARIES = YES;
				BUNDLE_LOADER = "$(TEST_HOST)";
				INFOPLIST_FILE = NotificatorTests/Info.plist;
				LD_RUNPATH_SEARCH_PATHS = "$(inherited) @executable_path/Frameworks @loader_path/Frameworks";
				PRODUCT_BUNDLE_IDENTIFIER = io.github.ykws.NotificatorTests;
				PRODUCT_NAME = "$(TARGET_NAME)";
				SWIFT_VERSION = 3.0;
				TEST_HOST = "$(BUILT_PRODUCTS_DIR)/Notificator.app/Notificator";
			};
			name = Release;
		};
/* End XCBuildConfiguration section */

/* Begin XCConfigurationList section */
		1F84B0F21EE59C450057EC5A /* Build configuration list for PBXProject "Notificator" */ = {
			isa = XCConfigurationList;
			buildConfigurations = (
				1F84B1121EE59C470057EC5A /* Debug */,
				1F84B1131EE59C470057EC5A /* Release */,
			);
			defaultConfigurationIsVisible = 0;
			defaultConfigurationName = Release;
		};
		1F84B1141EE59C470057EC5A /* Build configuration list for PBXNativeTarget "Notificator" */ = {
			isa = XCConfigurationList;
			buildConfigurations = (
				1F84B1151EE59C470057EC5A /* Debug */,
				1F84B1161EE59C470057EC5A /* Release */,
			);
			defaultConfigurationIsVisible = 0;
			defaultConfigurationName = Release;
		};
		1F84B1171EE59C470057EC5A /* Build configuration list for PBXNativeTarget "NotificatorTests" */ = {
			isa = XCConfigurationList;
			buildConfigurations = (
				1F84B1181EE59C470057EC5A /* Debug */,
				1F84B1191EE59C470057EC5A /* Release */,
			);
			defaultConfigurationIsVisible = 0;
			defaultConfigurationName = Release;
		};
/* End XCConfigurationList section */
	};
	rootObject = 1F84B0EF1EE59C450057EC5A /* Project object */;
}
